
Microsoft Visual Studio Solution File, Format Version 12.00
# Visual Studio 15
VisualStudioVersion = 15.0.26730.12
MinimumVisualStudioVersion = 10.0.40219.1
Project("{FAE04EC0-301F-11D3-BF4B-00C04F79EFBC}") = "TechnicalAssessment201711", "TechnicalAssessment201711\TechnicalAssessment201711.csproj", "{8293BBE5-58C9-4D3D-A0FC-B6DE993F2DD5}"
EndProject
Project("{FAE04EC0-301F-11D3-BF4B-00C04F79EFBC}") = "TechnicalAssessment201711Tests", "TechnicalAssessment201711Tests\TechnicalAssessment201711Tests.csproj", "{4E4F1C4B-6286-4C8E-922F-4322CCBA996A}"
EndProject
Global
	GlobalSection(SolutionConfigurationPlatforms) = preSolution
		Debug|Any CPU = Debug|Any CPU
		Release|Any CPU = Release|Any CPU
	EndGlobalSection
	GlobalSection(ProjectConfigurationPlatforms) = postSolution
		{8293BBE5-58C9-4D3D-A0FC-B6DE993F2DD5}.Debug|Any CPU.ActiveCfg = Debug|Any CPU
		{8293BBE5-58C9-4D3D-A0FC-B6DE993F2DD5}.Debug|Any CPU.Build.0 = Debug|Any CPU
		{8293BBE5-58C9-4D3D-A0FC-B6DE993F2DD5}.Release|Any CPU.ActiveCfg = Release|Any CPU
		{8293BBE5-58C9-4D3D-A0FC-B6DE993F2DD5}.Release|Any CPU.Build.0 = Release|Any CPU
		{4E4F1C4B-6286-4C8E-922F-4322CCBA996A}.Debug|Any CPU.ActiveCfg = Debug|Any CPU
		{4E4F1C4B-6286-4C8E-922F-4322CCBA996A}.Debug|Any CPU.Build.0 = Debug|Any CPU
		{4E4F1C4B-6286-4C8E-922F-4322CCBA996A}.Release|Any CPU.ActiveCfg = Release|Any CPU
		{4E4F1C4B-6286-4C8E-922F-4322CCBA996A}.Release|Any CPU.Build.0 = Release|Any CPU
	EndGlobalSection
	GlobalSection(SolutionProperties) = preSolution
		HideSolutionNode = FALSE
	EndGlobalSection
	GlobalSection(ExtensibilityGlobals) = postSolution
		SolutionGuid = {527CF9C8-A573-4B78-AA68-C87050C76164}
	EndGlobalSection
EndGlobal
